
Microsoft Visual Studio Solution File, Format Version 12.00
# Visual Studio 15
VisualStudioVersion = 15.0.27703.2035
MinimumVisualStudioVersion = 10.0.40219.1
Project("{FAE04EC0-301F-11D3-BF4B-00C04F79EFBC}") = "KomodoGreet_1.0", "KomodoGreet_1.0\KomodoGreet_1.0.csproj", "{57AC8529-BF80-452A-8792-CCF9A5D94BEB}"
EndProject
Global
	GlobalSection(SolutionConfigurationPlatforms) = preSolution
		Debug|Any CPU = Debug|Any CPU
		Release|Any CPU = Release|Any CPU
	EndGlobalSection
	GlobalSection(ProjectConfigurationPlatforms) = postSolution
		{57AC8529-BF80-452A-8792-CCF9A5D94BEB}.Debug|Any CPU.ActiveCfg = Debug|Any CPU
		{57AC8529-BF80-452A-8792-CCF9A5D94BEB}.Debug|Any CPU.Build.0 = Debug|Any CPU
		{57AC8529-BF80-452A-8792-CCF9A5D94BEB}.Release|Any CPU.ActiveCfg = Release|Any CPU
		{57AC8529-BF80-452A-8792-CCF9A5D94BEB}.Release|Any CPU.Build.0 = Release|Any CPU
	EndGlobalSection
	GlobalSection(SolutionProperties) = preSolution
		HideSolutionNode = FALSE
	EndGlobalSection
	GlobalSection(ExtensibilityGlobals) = postSolution
		SolutionGuid = {67C9939D-D12E-4F17-8352-F31783EAE35D}
	EndGlobalSection
EndGlobal
